acmart 79508
adjustbox 78101
amscls 77682
amsfonts 77682
amsmath 79234
anyfontsize 79618
atbegshi 79461
atveryend 79461
auxhook 79461
babel 79911
biblatex 77682
bibtex 77830
bibtex.x86_64-linux 77900
bigintcalc 79461
bitset 79461
booktabs 77682
breqn 79618
caption 79618
cm 57963
collectbox 77682
comment 77682
dvipdfmx 78409
dvipdfmx.x86_64-linux 78409
environ 79618
epstopdf 71782
epstopdf-pkg 79461
epstopdf.x86_64-linux 18365
etex 77830
etexcmds 79461
etoolbox 77682
euenc 19795
everyshi 77682
extractbb 77855
extractbb.x86_64-linux 73777
fancyhdr 78348
filehook 77682
firstaid 79234
float 79618
fontaxes 77682
fontspec 79934
fp 79618
framed 77682
geometry 78315
gettitlestring 79461
glyphlist 54074
graphics 79234
graphics-cfg 41448
graphics-def 76719
grfext 79461
grffile 79461
hycolor 79461
hyperref 79408
hyperxmp 78281
hyperxmp.x86_64-linux 56984
hyphen-base 78076
ifmtarg 79618
iftex 77682
inconsolata 79618
infwarerr 79461
intcalc 79461
kastrup 15878
knuth-lib 57963
koma-script 77575
kpathsea 79498
kpathsea.x86_64-linux 77900
kvdefinekeys 79461
kvoptions 79461
kvsetkeys 79461
l3backend 79958
l3kernel 79868
l3packages 76637
latex 79618
latex-fonts 79618
latexmk 78335
latexmk.x86_64-linux 10937
letltxmacro 79461
libertine 77682
libertinus-fonts 72484
listings 77682
lm 77682
lm-math 67718
logreq 53003
ltxcmds 79461
lua-uni-algos 76195
lualatex-math 77682
microtype 78228
mweights 77682
natbib 79618
ncctools 51810
newtx 78101
oberdiek 79461
pdfescape 79461
pdftexcmds 79461
pgf 79866
plain 75712
preprint 30447
psnfss 79618
refcount 79461
rerunfilecheck 79461
scheme-infraonly 54191
setspace 77682
stringenc 79461
symbol 77161
tabulary 77682
tex-ini-files 78524
texlive-scripts 79959
texlive-scripts-extra 78162
texlive-scripts-extra.x86_64-linux 71749
texlive-scripts.x86_64-linux 64356
texlive.infra 79653
texlive.infra.x86_64-linux 70811
tipa 79618
tools 79234
totpages 79618
trimspaces 77682
unicode-data 79913
unicode-math 78251
uniquecounter 79461
url 77682
xcolor 77682
xetex 77830
xetex.x86_64-linux 77966
xetexconfig 45845
xkeyval 77682
xpatch 77682
xstring 77682
xunicode 77682
zapfding 77161
zref 79461
